
Microsoft Visual Studio Solution File, Format Version 12.00
# Visual Studio Version 17
VisualStudioVersion = 17.13.35931.197 d17.13
MinimumVisualStudioVersion = 10.0.40219.1
Project("{FAE04EC0-301F-11D3-BF4B-00C04F79EFBC}") = "EFcore", "EFcore.csproj", "{ED3BDC00-62C1-4C52-9695-2D479A566596}"
EndProject
Global
	GlobalSection(SolutionConfigurationPlatforms) = preSolution
		Debug|Any CPU = Debug|Any CPU
		Release|Any CPU = Release|Any CPU
	EndGlobalSection
	GlobalSection(ProjectConfigurationPlatforms) = postSolution
		{ED3BDC00-62C1-4C52-9695-2D479A566596}.Debug|Any CPU.ActiveCfg = Debug|Any CPU
		{ED3BDC00-62C1-4C52-9695-2D479A566596}.Debug|Any CPU.Build.0 = Debug|Any CPU
		{ED3BDC00-62C1-4C52-9695-2D479A566596}.Release|Any CPU.ActiveCfg = Release|Any CPU
		{ED3BDC00-62C1-4C52-9695-2D479A566596}.Release|Any CPU.Build.0 = Release|Any CPU
	EndGlobalSection
	GlobalSection(SolutionProperties) = preSolution
		HideSolutionNode = FALSE
	EndGlobalSection
	GlobalSection(ExtensibilityGlobals) = postSolution
		SolutionGuid = {97C5EC5C-BAB6-4928-A28A-36E10F5CB96E}
	EndGlobalSection
EndGlobal
